
Microsoft Visual Studio Solution File, Format Version 12.00
# Visual Studio 15
VisualStudioVersion = 15.0.26730.16
MinimumVisualStudioVersion = 10.0.40219.1
Project("{FAE04EC0-301F-11D3-BF4B-00C04F79EFBC}") = "GridViewWithStackLayout.Android", "GridViewWithStackLayout\GridViewWithStackLayout.Android\GridViewWithStackLayout.Android.csproj", "{9FD0A9D9-0883-41E2-94F0-7A9902C991FF}"
EndProject
Project("{FAE04EC0-301F-11D3-BF4B-00C04F79EFBC}") = "GridViewWithStackLayout", "GridViewWithStackLayout\GridViewWithStackLayout\GridViewWithStackLayout.csproj", "{AC6B2C22-C695-4586-BC00-9446953B34CC}"
EndProject
Project("{FAE04EC0-301F-11D3-BF4B-00C04F79EFBC}") = "GridViewWithStackLayout.UWP", "GridViewWithStackLayout\GridViewWithStackLayout.UWP\GridViewWithStackLayout.UWP.csproj", "{AC70E9DE-257A-4439-866B-012BF298F188}"
EndProject
Project("{FAE04EC0-301F-11D3-BF4B-00C04F79EFBC}") = "GridViewWithStackLayout.iOS", "GridViewWithStackLayout\GridViewWithStackLayout.iOS\GridViewWithStackLayout.iOS.csproj", "{8AB75616-4F4D-40AC-973C-88565B5BB1D5}"
EndProject
Global
	GlobalSection(SolutionConfigurationPlatforms) = preSolution
		Ad-Hoc|Any CPU = Ad-Hoc|Any CPU
		Ad-Hoc|ARM = Ad-Hoc|ARM
		Ad-Hoc|iPhone = Ad-Hoc|iPhone
		Ad-Hoc|iPhoneSimulator = Ad-Hoc|iPhoneSimulator
		Ad-Hoc|x64 = Ad-Hoc|x64
		Ad-Hoc|x86 = Ad-Hoc|x86
		AppStore|Any CPU = AppStore|Any CPU
		AppStore|ARM = AppStore|ARM
		AppStore|iPhone = AppStore|iPhone
		AppStore|iPhoneSimulator = AppStore|iPhoneSimulator
		AppStore|x64 = AppStore|x64
		AppStore|x86 = AppStore|x86
		Debug|Any CPU = Debug|Any CPU
		Debug|ARM = Debug|ARM
		Debug|iPhone = Debug|iPhone
		Debug|iPhoneSimulator = Debug|iPhoneSimulator
		Debug|x64 = Debug|x64
		Debug|x86 = Debug|x86
		Release|Any CPU = Release|Any CPU
		Release|ARM = Release|ARM
		Release|iPhone = Release|iPhone
		Release|iPhoneSimulator = Release|iPhoneSimulator
		Release|x64 = Release|x64
		Release|x86 = Release|x86
	EndGlobalSection
	GlobalSection(ProjectConfigurationPlatforms) = postSolution
		{9FD0A9D9-0883-41E2-94F0-7A9902C991FF}.Ad-Hoc|Any CPU.ActiveCfg = Release|Any CPU
		{9FD0A9D9-0883-41E2-94F0-7A9902C991FF}.Ad-Hoc|Any CPU.Build.0 = Release|Any CPU
		{9FD0A9D9-0883-41E2-94F0-7A9902C991FF}.Ad-Hoc|Any CPU.Deploy.0 = Release|Any CPU
		{9FD0A9D9-0883-41E2-94F0-7A9902C991FF}.Ad-Hoc|ARM.ActiveCfg = Release|Any CPU
		{9FD0A9D9-0883-41E2-94F0-7A9902C991FF}.Ad-Hoc|ARM.Build.0 = Release|Any CPU
		{9FD0A9D9-0883-41E2-94F0-7A9902C991FF}.Ad-Hoc|ARM.Deploy.0 = Release|Any CPU
		{9FD0A9D9-0883-41E2-94F0-7A9902C991FF}.Ad-Hoc|iPhone.ActiveCfg = Release|Any CPU
		{9FD0A9D9-0883-41E2-94F0-7A9902C991FF}.Ad-Hoc|iPhone.Build.0 = Release|Any CPU
		{9FD0A9D9-0883-41E2-94F0-7A9902C991FF}.Ad-Hoc|iPhone.Deploy.0 = Release|Any CPU
		{9FD0A9D9-0883-41E2-94F0-7A9902C991FF}.Ad-Hoc|iPhoneSimulator.ActiveCfg = Release|Any CPU
		{9FD0A9D9-0883-41E2-94F0-7A9902C991FF}.Ad-Hoc|iPhoneSimulator.Build.0 = Release|Any CPU
		{9FD0A9D9-0883-41E2-94F0-7A9902C991FF}.Ad-Hoc|iPhoneSimulator.Deploy.0 = Release|Any CPU
		{9FD0A9D9-0883-41E2-94F0-7A9902C991FF}.Ad-Hoc|x64.ActiveCfg = Release|Any CPU
		{9FD0A9D9-0883-41E2-94F0-7A9902C991FF}.Ad-Hoc|x64.Build.0 = Release|Any CPU
		{9FD0A9D9-0883-41E2-94F0-7A9902C991FF}.Ad-Hoc|x64.Deploy.0 = Release|Any CPU
		{9FD0A9D9-0883-41E2-94F0-7A9902C991FF}.Ad-Hoc|x86.ActiveCfg = Release|Any CPU
		{9FD0A9D9-0883-41E2-94F0-7A9902C991FF}.Ad-Hoc|x86.Build.0 = Release|Any CPU
		{9FD0A9D9-0883-41E2-94F0-7A9902C991FF}.Ad-Hoc|x86.Deploy.0 = Release|Any CPU
		{9FD0A9D9-0883-41E2-94F0-7A9902C991FF}.AppStore|Any CPU.ActiveCfg = Release|Any CPU
		{9FD0A9D9-0883-41E2-94F0-7A9902C991FF}.AppStore|Any CPU.Build.0 = Release|Any CPU
		{9FD0A9D9-0883-41E2-94F0-7A9902C991FF}.AppStore|Any CPU.Deploy.0 = Release|Any CPU
		{9FD0A9D9-0883-41E2-94F0-7A9902C991FF}.AppStore|ARM.ActiveCfg = Release|Any CPU
		{9FD0A9D9-0883-41E2-94F0-7A9902C991FF}.AppStore|ARM.Build.0 = Release|Any CPU
		{9FD0A9D9-0883-41E2-94F0-7A9902C991FF}.AppStore|ARM.Deploy.0 = Release|Any CPU
		{9FD0A9D9-0883-41E2-94F0-7A9902C991FF}.AppStore|iPhone.ActiveCfg = Release|Any CPU
		{9FD0A9D9-0883-41E2-94F0-7A9902C991FF}.AppStore|iPhone.Build.0 = Release|Any CPU
		{9FD0A9D9-0883-41E2-94F0-7A9902C991FF}.AppStore|iPhone.Deploy.0 = Release|Any CPU
		{9FD0A9D9-0883-41E2-94F0-7A9902C991FF}.AppStore|iPhoneSimulator.ActiveCfg = Release|Any CPU
		{9FD0A9D9-0883-41E2-94F0-7A9902C991FF}.AppStore|iPhoneSimulator.Build.0 = Release|Any CPU
		{9FD0A9D9-0883-41E2-94F0-7A9902C991FF}.AppStore|iPhoneSimulator.Deploy.0 = Release|Any CPU
		{9FD0A9D9-0883-41E2-94F0-7A9902C991FF}.AppStore|x64.ActiveCfg = Release|Any CPU
		{9FD0A9D9-0883-41E2-94F0-7A9902C991FF}.AppStore|x64.Build.0 = Release|Any CPU
		{9FD0A9D9-0883-41E2-94F0-7A9902C991FF}.AppStore|x64.Deploy.0 = Release|Any CPU
		{9FD0A9D9-0883-41E2-94F0-7A9902C991FF}.AppStore|x86.ActiveCfg = Release|Any CPU
		{9FD0A9D9-0883-41E2-94F0-7A9902C991FF}.AppStore|x86.Build.0 = Release|Any CPU
		{9FD0A9D9-0883-41E2-94F0-7A9902C991FF}.AppStore|x86.Deploy.0 = Release|Any CPU
		{9FD0A9D9-0883-41E2-94F0-7A9902C991FF}.Debug|Any CPU.ActiveCfg = Debug|Any CPU
		{9FD0A9D9-0883-41E2-94F0-7A9902C991FF}.Debug|Any CPU.Build.0 = Debug|Any CPU
		{9FD0A9D9-0883-41E2-94F0-7A9902C991FF}.Debug|Any CPU.Deploy.0 = Debug|Any CPU
		{9FD0A9D9-0883-41E2-94F0-7A9902C991FF}.Debug|ARM.ActiveCfg = Debug|Any CPU
		{9FD0A9D9-0883-41E2-94F0-7A9902C991FF}.Debug|ARM.Build.0 = Debug|Any CPU
		{9FD0A9D9-0883-41E2-94F0-7A9902C991FF}.Debug|ARM.Deploy.0 = Debug|Any CPU
		{9FD0A9D9-0883-41E2-94F0-7A9902C991FF}.Debug|iPhone.ActiveCfg = Debug|Any CPU
		{9FD0A9D9-0883-41E2-94F0-7A9902C991FF}.Debug|iPhone.Build.0 = Debug|Any CPU
		{9FD0A9D9-0883-41E2-94F0-7A9902C991FF}.Debug|iPhone.Deploy.0 = Debug|Any CPU
		{9FD0A9D9-0883-41E2-94F0-7A9902C991FF}.Debug|iPhoneSimulator.ActiveCfg = Debug|Any CPU
		{9FD0A9D9-0883-41E2-94F0-7A9902C991FF}.Debug|iPhoneSimulator.Build.0 = Debug|Any CPU
		{9FD0A9D9-0883-41E2-94F0-7A9902C991FF}.Debug|iPhoneSimulator.Deploy.0 = Debug|Any CPU
		{9FD0A9D9-0883-41E2-94F0-7A9902C991FF}.Debug|x64.ActiveCfg = Debug|Any CPU
		{9FD0A9D9-0883-41E2-94F0-7A9902C991FF}.Debug|x64.Build.0 = Debug|Any CPU
		{9FD0A9D9-0883-41E2-94F0-7A9902C991FF}.Debug|x64.Deploy.0 = Debug|Any CPU
		{9FD0A9D9-0883-41E2-94F0-7A9902C991FF}.Debug|x86.ActiveCfg = Debug|Any CPU
		{9FD0A9D9-0883-41E2-94F0-7A9902C991FF}.Debug|x86.Build.0 = Debug|Any CPU
		{9FD0A9D9-0883-41E2-94F0-7A9902C991FF}.Debug|x86.Deploy.0 = Debug|Any CPU
		{9FD0A9D9-0883-41E2-94F0-7A9902C991FF}.Release|Any CPU.ActiveCfg = Release|Any CPU
		{9FD0A9D9-0883-41E2-94F0-7A9902C991FF}.Release|Any CPU.Build.0 = Release|Any CPU
		{9FD0A9D9-0883-41E2-94F0-7A9902C991FF}.Release|Any CPU.Deploy.0 = Release|Any CPU
		{9FD0A9D9-0883-41E2-94F0-7A9902C991FF}.Release|ARM.ActiveCfg = Release|Any CPU
		{9FD0A9D9-0883-41E2-94F0-7A9902C991FF}.Release|ARM.Build.0 = Release|Any CPU
		{9FD0A9D9-0883-41E2-94F0-7A9902C991FF}.Release|ARM.Deploy.0 = Release|Any CPU
		{9FD0A9D9-0883-41E2-94F0-7A9902C991FF}.Release|iPhone.ActiveCfg = Release|Any CPU
		{9FD0A9D9-0883-41E2-94F0-7A9902C991FF}.Release|iPhone.Build.0 = Release|Any CPU
		{9FD0A9D9-0883-41E2-94F0-7A9902C991FF}.Release|iPhone.Deploy.0 = Release|Any CPU
		{9FD0A9D9-0883-41E2-94F0-7A9902C991FF}.Release|iPhoneSimulator.ActiveCfg = Release|Any CPU
		{9FD0A9D9-0883-41E2-94F0-7A9902C991FF}.Release|iPhoneSimulator.Build.0 = Release|Any CPU
		{9FD0A9D9-0883-41E2-94F0-7A9902C991FF}.Release|iPhoneSimulator.Deploy.0 = Release|Any CPU
		{9FD0A9D9-0883-41E2-94F0-7A9902C991FF}.Release|x64.ActiveCfg = Release|Any CPU
		{9FD0A9D9-0883-41E2-94F0-7A9902C991FF}.Release|x64.Build.0 = Release|Any CPU
		{9FD0A9D9-0883-41E2-94F0-7A9902C991FF}.Release|x64.Deploy.0 = Release|Any CPU
		{9FD0A9D9-0883-41E2-94F0-7A9902C991FF}.Release|x86.ActiveCfg = Release|Any CPU
		{9FD0A9D9-0883-41E2-94F0-7A9902C991FF}.Release|x86.Build.0 = Release|Any CPU
		{9FD0A9D9-0883-41E2-94F0-7A9902C991FF}.Release|x86.Deploy.0 = Release|Any CPU
		{AC6B2C22-C695-4586-BC00-9446953B34CC}.Ad-Hoc|Any CPU.ActiveCfg = Release|Any CPU
		{AC6B2C22-C695-4586-BC00-9446953B34CC}.Ad-Hoc|Any CPU.Build.0 = Release|Any CPU
		{AC6B2C22-C695-4586-BC00-9446953B34CC}.Ad-Hoc|ARM.ActiveCfg = Release|Any CPU
		{AC6B2C22-C695-4586-BC00-9446953B34CC}.Ad-Hoc|ARM.Build.0 = Release|Any CPU
		{AC6B2C22-C695-4586-BC00-9446953B34CC}.Ad-Hoc|iPhone.ActiveCfg = Release|Any CPU
		{AC6B2C22-C695-4586-BC00-9446953B34CC}.Ad-Hoc|iPhone.Build.0 = Release|Any CPU
		{AC6B2C22-C695-4586-BC00-9446953B34CC}.Ad-Hoc|iPhoneSimulator.ActiveCfg = Release|Any CPU
		{AC6B2C22-C695-4586-BC00-9446953B34CC}.Ad-Hoc|iPhoneSimulator.Build.0 = Release|Any CPU
		{AC6B2C22-C695-4586-BC00-9446953B34CC}.Ad-Hoc|x64.ActiveCfg = Release|Any CPU
		{AC6B2C22-C695-4586-BC00-9446953B34CC}.Ad-Hoc|x64.Build.0 = Release|Any CPU
		{AC6B2C22-C695-4586-BC00-9446953B34CC}.Ad-Hoc|x86.ActiveCfg = Release|Any CPU
		{AC6B2C22-C695-4586-BC00-9446953B34CC}.Ad-Hoc|x86.Build.0 = Release|Any CPU
		{AC6B2C22-C695-4586-BC00-9446953B34CC}.AppStore|Any CPU.ActiveCfg = Release|Any CPU
		{AC6B2C22-C695-4586-BC00-9446953B34CC}.AppStore|Any CPU.Build.0 = Release|Any CPU
		{AC6B2C22-C695-4586-BC00-9446953B34CC}.AppStore|ARM.ActiveCfg = Release|Any CPU
		{AC6B2C22-C695-4586-BC00-9446953B34CC}.AppStore|ARM.Build.0 = Release|Any CPU
		{AC6B2C22-C695-4586-BC00-9446953B34CC}.AppStore|iPhone.ActiveCfg = Release|Any CPU
		{AC6B2C22-C695-4586-BC00-9446953B34CC}.AppStore|iPhone.Build.0 = Release|Any CPU
		{AC6B2C22-C695-4586-BC00-9446953B34CC}.AppStore|iPhoneSimulator.ActiveCfg = Release|Any CPU
		{AC6B2C22-C695-4586-BC00-9446953B34CC}.AppStore|iPhoneSimulator.Build.0 = Release|Any CPU
		{AC6B2C22-C695-4586-BC00-9446953B34CC}.AppStore|x64.ActiveCfg = Release|Any CPU
		{AC6B2C22-C695-4586-BC00-9446953B34CC}.AppStore|x64.Build.0 = Release|Any CPU
		{AC6B2C22-C695-4586-BC00-9446953B34CC}.AppStore|x86.ActiveCfg = Release|Any CPU
		{AC6B2C22-C695-4586-BC00-9446953B34CC}.AppStore|x86.Build.0 = Release|Any CPU
		{AC6B2C22-C695-4586-BC00-9446953B34CC}.Debug|Any CPU.ActiveCfg = Debug|Any CPU
		{AC6B2C22-C695-4586-BC00-9446953B34CC}.Debug|Any CPU.Build.0 = Debug|Any CPU
		{AC6B2C22-C695-4586-BC00-9446953B34CC}.Debug|ARM.ActiveCfg = Debug|Any CPU
		{AC6B2C22-C695-4586-BC00-9446953B34CC}.Debug|ARM.Build.0 = Debug|Any CPU
		{AC6B2C22-C695-4586-BC00-9446953B34CC}.Debug|iPhone.ActiveCfg = Debug|Any CPU
		{AC6B2C22-C695-4586-BC00-9446953B34CC}.Debug|iPhone.Build.0 = Debug|Any CPU
		{AC6B2C22-C695-4586-BC00-9446953B34CC}.Debug|iPhoneSimulator.ActiveCfg = Debug|Any CPU
		{AC6B2C22-C695-4586-BC00-9446953B34CC}.Debug|iPhoneSimulator.Build.0 = Debug|Any CPU
		{AC6B2C22-C695-4586-BC00-9446953B34CC}.Debug|x64.ActiveCfg = Debug|Any CPU
		{AC6B2C22-C695-4586-BC00-9446953B34CC}.Debug|x64.Build.0 = Debug|Any CPU
		{AC6B2C22-C695-4586-BC00-9446953B34CC}.Debug|x86.ActiveCfg = Debug|Any CPU
		{AC6B2C22-C695-4586-BC00-9446953B34CC}.Debug|x86.Build.0 = Debug|Any CPU
		{AC6B2C22-C695-4586-BC00-9446953B34CC}.Release|Any CPU.ActiveCfg = Release|Any CPU
		{AC6B2C22-C695-4586-BC00-9446953B34CC}.Release|Any CPU.Build.0 = Release|Any CPU
		{AC6B2C22-C695-4586-BC00-9446953B34CC}.Release|ARM.ActiveCfg = Release|Any CPU
		{AC6B2C22-C695-4586-BC00-9446953B34CC}.Release|ARM.Build.0 = Release|Any CPU
		{AC6B2C22-C695-4586-BC00-9446953B34CC}.Release|iPhone.ActiveCfg = Release|Any CPU
		{AC6B2C22-C695-4586-BC00-9446953B34CC}.Release|iPhone.Build.0 = Release|Any CPU
		{AC6B2C22-C695-4586-BC00-9446953B34CC}.Release|iPhoneSimulator.ActiveCfg = Release|Any CPU
		{AC6B2C22-C695-4586-BC00-9446953B34CC}.Release|iPhoneSimulator.Build.0 = Release|Any CPU
		{AC6B2C22-C695-4586-BC00-9446953B34CC}.Release|x64.ActiveCfg = Release|Any CPU
		{AC6B2C22-C695-4586-BC00-9446953B34CC}.Release|x64.Build.0 = Release|Any CPU
		{AC6B2C22-C695-4586-BC00-9446953B34CC}.Release|x86.ActiveCfg = Release|Any CPU
		{AC6B2C22-C695-4586-BC00-9446953B34CC}.Release|x86.Build.0 = Release|Any CPU
		{AC70E9DE-257A-4439-866B-012BF298F188}.Ad-Hoc|Any CPU.ActiveCfg = Release|x86
		{AC70E9DE-257A-4439-866B-012BF298F188}.Ad-Hoc|Any CPU.Build.0 = Release|x86
		{AC70E9DE-257A-4439-866B-012BF298F188}.Ad-Hoc|Any CPU.Deploy.0 = Release|x86
		{AC70E9DE-257A-4439-866B-012BF298F188}.Ad-Hoc|ARM.ActiveCfg = Release|ARM
		{AC70E9DE-257A-4439-866B-012BF298F188}.Ad-Hoc|ARM.Build.0 = Release|ARM
		{AC70E9DE-257A-4439-866B-012BF298F188}.Ad-Hoc|ARM.Deploy.0 = Release|ARM
		{AC70E9DE-257A-4439-866B-012BF298F188}.Ad-Hoc|iPhone.ActiveCfg = Release|x86
		{AC70E9DE-257A-4439-866B-012BF298F188}.Ad-Hoc|iPhone.Build.0 = Release|x86
		{AC70E9DE-257A-4439-866B-012BF298F188}.Ad-Hoc|iPhone.Deploy.0 = Release|x86
		{AC70E9DE-257A-4439-866B-012BF298F188}.Ad-Hoc|iPhoneSimulator.ActiveCfg = Release|x86
		{AC70E9DE-257A-4439-866B-012BF298F188}.Ad-Hoc|iPhoneSimulator.Build.0 = Release|x86
		{AC70E9DE-257A-4439-866B-012BF298F188}.Ad-Hoc|iPhoneSimulator.Deploy.0 = Release|x86
		{AC70E9DE-257A-4439-866B-012BF298F188}.Ad-Hoc|x64.ActiveCfg = Release|x64
		{AC70E9DE-257A-4439-866B-012BF298F188}.Ad-Hoc|x64.Build.0 = Release|x64
		{AC70E9DE-257A-4439-866B-012BF298F188}.Ad-Hoc|x64.Deploy.0 = Release|x64
		{AC70E9DE-257A-4439-866B-012BF298F188}.Ad-Hoc|x86.ActiveCfg = Release|x86
		{AC70E9DE-257A-4439-866B-012BF298F188}.Ad-Hoc|x86.Build.0 = Release|x86
		{AC70E9DE-257A-4439-866B-012BF298F188}.Ad-Hoc|x86.Deploy.0 = Release|x86
		{AC70E9DE-257A-4439-866B-012BF298F188}.AppStore|Any CPU.ActiveCfg = Release|x86
		{AC70E9DE-257A-4439-866B-012BF298F188}.AppStore|Any CPU.Build.0 = Release|x86
		{AC70E9DE-257A-4439-866B-012BF298F188}.AppStore|Any CPU.Deploy.0 = Release|x86
		{AC70E9DE-257A-4439-866B-012BF298F188}.AppStore|ARM.ActiveCfg = Release|ARM
		{AC70E9DE-257A-4439-866B-012BF298F188}.AppStore|ARM.Build.0 = Release|ARM
		{AC70E9DE-257A-4439-866B-012BF298F188}.AppStore|ARM.Deploy.0 = Release|ARM
		{AC70E9DE-257A-4439-866B-012BF298F188}.AppStore|iPhone.ActiveCfg = Release|x86
		{AC70E9DE-257A-4439-866B-012BF298F188}.AppStore|iPhone.Build.0 = Release|x86
		{AC70E9DE-257A-4439-866B-012BF298F188}.AppStore|iPhone.Deploy.0 = Release|x86
		{AC70E9DE-257A-4439-866B-012BF298F188}.AppStore|iPhoneSimulator.ActiveCfg = Release|x86
		{AC70E9DE-257A-4439-866B-012BF298F188}.AppStore|iPhoneSimulator.Build.0 = Release|x86
		{AC70E9DE-257A-4439-866B-012BF298F188}.AppStore|iPhoneSimulator.Deploy.0 = Release|x86
		{AC70E9DE-257A-4439-866B-012BF298F188}.AppStore|x64.ActiveCfg = Release|x64
		{AC70E9DE-257A-4439-866B-012BF298F188}.AppStore|x64.Build.0 = Release|x64
		{AC70E9DE-257A-4439-866B-012BF298F188}.AppStore|x64.Deploy.0 = Release|x64
		{AC70E9DE-257A-4439-866B-012BF298F188}.AppStore|x86.ActiveCfg = Release|x86
		{AC70E9DE-257A-4439-866B-012BF298F188}.AppStore|x86.Build.0 = Release|x86
		{AC70E9DE-257A-4439-866B-012BF298F188}.AppStore|x86.Deploy.0 = Release|x86
		{AC70E9DE-257A-4439-866B-012BF298F188}.Debug|Any CPU.ActiveCfg = Debug|x86
		{AC70E9DE-257A-4439-866B-012BF298F188}.Debug|ARM.ActiveCfg = Debug|ARM
		{AC70E9DE-257A-4439-866B-012BF298F188}.Debug|ARM.Build.0 = Debug|ARM
		{AC70E9DE-257A-4439-866B-012BF298F188}.Debug|ARM.Deploy.0 = Debug|ARM
		{AC70E9DE-257A-4439-866B-012BF298F188}.Debug|iPhone.ActiveCfg = Debug|x86
		{AC70E9DE-257A-4439-866B-012BF298F188}.Debug|iPhoneSimulator.ActiveCfg = Debug|x86
		{AC70E9DE-257A-4439-866B-012BF298F188}.Debug|x64.ActiveCfg = Debug|x64
		{AC70E9DE-257A-4439-866B-012BF298F188}.Debug|x64.Build.0 = Debug|x64
		{AC70E9DE-257A-4439-866B-012BF298F188}.Debug|x64.Deploy.0 = Debug|x64
		{AC70E9DE-257A-4439-866B-012BF298F188}.Debug|x86.ActiveCfg = Debug|x86
		{AC70E9DE-257A-4439-866B-012BF298F188}.Debug|x86.Build.0 = Debug|x86
		{AC70E9DE-257A-4439-866B-012BF298F188}.Debug|x86.Deploy.0 = Debug|x86
		{AC70E9DE-257A-4439-866B-012BF298F188}.Release|Any CPU.ActiveCfg = Release|x86
		{AC70E9DE-257A-4439-866B-012BF298F188}.Release|ARM.ActiveCfg = Release|ARM
		{AC70E9DE-257A-4439-866B-012BF298F188}.Release|ARM.Build.0 = Release|ARM
		{AC70E9DE-257A-4439-866B-012BF298F188}.Release|ARM.Deploy.0 = Release|ARM
		{AC70E9DE-257A-4439-866B-012BF298F188}.Release|iPhone.ActiveCfg = Release|x86
		{AC70E9DE-257A-4439-866B-012BF298F188}.Release|iPhoneSimulator.ActiveCfg = Release|x86
		{AC70E9DE-257A-4439-866B-012BF298F188}.Release|x64.ActiveCfg = Release|x64
		{AC70E9DE-257A-4439-866B-012BF298F188}.Release|x64.Build.0 = Release|x64
		{AC70E9DE-257A-4439-866B-012BF298F188}.Release|x64.Deploy.0 = Release|x64
		{AC70E9DE-257A-4439-866B-012BF298F188}.Release|x86.ActiveCfg = Release|x86
		{AC70E9DE-257A-4439-866B-012BF298F188}.Release|x86.Build.0 = Release|x86
		{AC70E9DE-257A-4439-866B-012BF298F188}.Release|x86.Deploy.0 = Release|x86
		{8AB75616-4F4D-40AC-973C-88565B5BB1D5}.Ad-Hoc|Any CPU.ActiveCfg = Ad-Hoc|iPhone
		{8AB75616-4F4D-40AC-973C-88565B5BB1D5}.Ad-Hoc|ARM.ActiveCfg = Ad-Hoc|iPhone
		{8AB75616-4F4D-40AC-973C-88565B5BB1D5}.Ad-Hoc|iPhone.ActiveCfg = Ad-Hoc|iPhone
		{8AB75616-4F4D-40AC-973C-88565B5BB1D5}.Ad-Hoc|iPhone.Build.0 = Ad-Hoc|iPhone
		{8AB75616-4F4D-40AC-973C-88565B5BB1D5}.Ad-Hoc|iPhoneSimulator.ActiveCfg = Ad-Hoc|iPhoneSimulator
		{8AB75616-4F4D-40AC-973C-88565B5BB1D5}.Ad-Hoc|iPhoneSimulator.Build.0 = Ad-Hoc|iPhoneSimulator
		{8AB75616-4F4D-40AC-973C-88565B5BB1D5}.Ad-Hoc|x64.ActiveCfg = Ad-Hoc|iPhone
		{8AB75616-4F4D-40AC-973C-88565B5BB1D5}.Ad-Hoc|x86.ActiveCfg = Ad-Hoc|iPhone
		{8AB75616-4F4D-40AC-973C-88565B5BB1D5}.AppStore|Any CPU.ActiveCfg = AppStore|iPhone
		{8AB75616-4F4D-40AC-973C-88565B5BB1D5}.AppStore|ARM.ActiveCfg = AppStore|iPhone
		{8AB75616-4F4D-40AC-973C-88565B5BB1D5}.AppStore|iPhone.ActiveCfg = AppStore|iPhone
		{8AB75616-4F4D-40AC-973C-88565B5BB1D5}.AppStore|iPhone.Build.0 = AppStore|iPhone
		{8AB75616-4F4D-40AC-973C-88565B5BB1D5}.AppStore|iPhoneSimulator.ActiveCfg = AppStore|iPhoneSimulator
		{8AB75616-4F4D-40AC-973C-88565B5BB1D5}.AppStore|iPhoneSimulator.Build.0 = AppStore|iPhoneSimulator
		{8AB75616-4F4D-40AC-973C-88565B5BB1D5}.AppStore|x64.ActiveCfg = AppStore|iPhone
		{8AB75616-4F4D-40AC-973C-88565B5BB1D5}.AppStore|x86.ActiveCfg = AppStore|iPhone
		{8AB75616-4F4D-40AC-973C-88565B5BB1D5}.Debug|Any CPU.ActiveCfg = Debug|iPhone
		{8AB75616-4F4D-40AC-973C-88565B5BB1D5}.Debug|ARM.ActiveCfg = Debug|iPhone
		{8AB75616-4F4D-40AC-973C-88565B5BB1D5}.Debug|iPhone.ActiveCfg = Debug|iPhone
		{8AB75616-4F4D-40AC-973C-88565B5BB1D5}.Debug|iPhone.Build.0 = Debug|iPhone
		{8AB75616-4F4D-40AC-973C-88565B5BB1D5}.Debug|iPhoneSimulator.ActiveCfg = Debug|iPhoneSimulator
		{8AB75616-4F4D-40AC-973C-88565B5BB1D5}.Debug|iPhoneSimulator.Build.0 = Debug|iPhoneSimulator
		{8AB75616-4F4D-40AC-973C-88565B5BB1D5}.Debug|x64.ActiveCfg = Debug|iPhone
		{8AB75616-4F4D-40AC-973C-88565B5BB1D5}.Debug|x86.ActiveCfg = Debug|iPhone
		{8AB75616-4F4D-40AC-973C-88565B5BB1D5}.Release|Any CPU.ActiveCfg = Release|iPhone
		{8AB75616-4F4D-40AC-973C-88565B5BB1D5}.Release|ARM.ActiveCfg = Release|iPhone
		{8AB75616-4F4D-40AC-973C-88565B5BB1D5}.Release|iPhone.ActiveCfg = Release|iPhone
		{8AB75616-4F4D-40AC-973C-88565B5BB1D5}.Release|iPhone.Build.0 = Release|iPhone
		{8AB75616-4F4D-40AC-973C-88565B5BB1D5}.Release|iPhoneSimulator.ActiveCfg = Release|iPhoneSimulator
		{8AB75616-4F4D-40AC-973C-88565B5BB1D5}.Release|iPhoneSimulator.Build.0 = Release|iPhoneSimulator
		{8AB75616-4F4D-40AC-973C-88565B5BB1D5}.Release|x64.ActiveCfg = Release|iPhone
		{8AB75616-4F4D-40AC-973C-88565B5BB1D5}.Release|x86.ActiveCfg = Release|iPhone
	EndGlobalSection
	GlobalSection(SolutionProperties) = preSolution
		HideSolutionNode = FALSE
	EndGlobalSection
	GlobalSection(ExtensibilityGlobals) = postSolution
		SolutionGuid = {4750635B-B2E9-4FAA-B228-26AAAEC3E696}
	EndGlobalSection
EndGlobal
